
Microsoft Visual Studio Solution File, Format Version 12.00
# Visual Studio Version 17
VisualStudioVersion = 17.12.35527.113
MinimumVisualStudioVersion = 10.0.40219.1
Project("{FAE04EC0-301F-11D3-BF4B-00C04F79EFBC}") = "NibulonTestTask", "NibulonTestTask\NibulonTestTask.csproj", "{CFCFFDD0-CC17-4473-A366-AC4A67A21C81}"
EndProject
Project("{FAE04EC0-301F-11D3-BF4B-00C04F79EFBC}") = "NibulonTestTask.Core", "NibulonTestTask.Core\NibulonTestTask.Core.csproj", "{73371212-BD48-4DC2-8F55-0E3D319BCB36}"
EndProject
Project("{FAE04EC0-301F-11D3-BF4B-00C04F79EFBC}") = "NibulonTestTask.Persistence", "NibulonTestTask.Persistence\NibulonTestTask.Persistence.csproj", "{35F61F28-73C2-4309-AB57-07E702193FEB}"
EndProject
Project("{FAE04EC0-301F-11D3-BF4B-00C04F79EFBC}") = "NibulonTestTask.Application", "NibulonTestTask.Application\NibulonTestTask.Application.csproj", "{66201B95-3BF1-46AE-9A78-30256A9B1CCB}"
EndProject
Global
	GlobalSection(SolutionConfigurationPlatforms) = preSolution
		Debug|Any CPU = Debug|Any CPU
		Release|Any CPU = Release|Any CPU
	EndGlobalSection
	GlobalSection(ProjectConfigurationPlatforms) = postSolution
		{CFCFFDD0-CC17-4473-A366-AC4A67A21C81}.Debug|Any CPU.ActiveCfg = Debug|Any CPU
		{CFCFFDD0-CC17-4473-A366-AC4A67A21C81}.Debug|Any CPU.Build.0 = Debug|Any CPU
		{CFCFFDD0-CC17-4473-A366-AC4A67A21C81}.Release|Any CPU.ActiveCfg = Release|Any CPU
		{CFCFFDD0-CC17-4473-A366-AC4A67A21C81}.Release|Any CPU.Build.0 = Release|Any CPU
		{73371212-BD48-4DC2-8F55-0E3D319BCB36}.Debug|Any CPU.ActiveCfg = Debug|Any CPU
		{73371212-BD48-4DC2-8F55-0E3D319BCB36}.Debug|Any CPU.Build.0 = Debug|Any CPU
		{73371212-BD48-4DC2-8F55-0E3D319BCB36}.Release|Any CPU.ActiveCfg = Release|Any CPU
		{73371212-BD48-4DC2-8F55-0E3D319BCB36}.Release|Any CPU.Build.0 = Release|Any CPU
		{35F61F28-73C2-4309-AB57-07E702193FEB}.Debug|Any CPU.ActiveCfg = Debug|Any CPU
		{35F61F28-73C2-4309-AB57-07E702193FEB}.Debug|Any CPU.Build.0 = Debug|Any CPU
		{35F61F28-73C2-4309-AB57-07E702193FEB}.Release|Any CPU.ActiveCfg = Release|Any CPU
		{35F61F28-73C2-4309-AB57-07E702193FEB}.Release|Any CPU.Build.0 = Release|Any CPU
		{66201B95-3BF1-46AE-9A78-30256A9B1CCB}.Debug|Any CPU.ActiveCfg = Debug|Any CPU
		{66201B95-3BF1-46AE-9A78-30256A9B1CCB}.Debug|Any CPU.Build.0 = Debug|Any CPU
		{66201B95-3BF1-46AE-9A78-30256A9B1CCB}.Release|Any CPU.ActiveCfg = Release|Any CPU
		{66201B95-3BF1-46AE-9A78-30256A9B1CCB}.Release|Any CPU.Build.0 = Release|Any CPU
	EndGlobalSection
	GlobalSection(SolutionProperties) = preSolution
		HideSolutionNode = FALSE
	EndGlobalSection
EndGlobal
